
Microsoft Visual Studio Solution File, Format Version 12.00
# Visual Studio 15
VisualStudioVersion = 15.0.27130.2026
MinimumVisualStudioVersion = 10.0.40219.1
Project("{9A19103F-16F7-4668-BE54-9A1E7A4F7556}") = "Tests", "Tests\Tests.csproj", "{6B11AB1C-8A2D-46E9-9BBB-3A08CA6E31DB}"
EndProject
Project("{2150E333-8FDC-42A3-9474-1A3956D46DE8}") = "Solution Items", "Solution Items", "{757CDE74-0706-4056-89CC-1562A037F3A6}"
	ProjectSection(SolutionItems) = preProject
		README.md = README.md
	EndProjectSection
EndProject
Project("{9A19103F-16F7-4668-BE54-9A1E7A4F7556}") = "cqgis.extensions", "cqgis\cqgis.extensions\cqgis.extensions.csproj", "{E4CDE873-9ABB-4D7B-8CCA-37A432F122DB}"
EndProject
Global
	GlobalSection(SolutionConfigurationPlatforms) = preSolution
		Debug|Any CPU = Debug|Any CPU
		Release|Any CPU = Release|Any CPU
	EndGlobalSection
	GlobalSection(ProjectConfigurationPlatforms) = postSolution
		{6B11AB1C-8A2D-46E9-9BBB-3A08CA6E31DB}.Debug|Any CPU.ActiveCfg = Debug|Any CPU
		{6B11AB1C-8A2D-46E9-9BBB-3A08CA6E31DB}.Debug|Any CPU.Build.0 = Debug|Any CPU
		{6B11AB1C-8A2D-46E9-9BBB-3A08CA6E31DB}.Release|Any CPU.ActiveCfg = Release|Any CPU
		{6B11AB1C-8A2D-46E9-9BBB-3A08CA6E31DB}.Release|Any CPU.Build.0 = Release|Any CPU
		{E4CDE873-9ABB-4D7B-8CCA-37A432F122DB}.Debug|Any CPU.ActiveCfg = Debug|Any CPU
		{E4CDE873-9ABB-4D7B-8CCA-37A432F122DB}.Debug|Any CPU.Build.0 = Debug|Any CPU
		{E4CDE873-9ABB-4D7B-8CCA-37A432F122DB}.Release|Any CPU.ActiveCfg = Release|Any CPU
		{E4CDE873-9ABB-4D7B-8CCA-37A432F122DB}.Release|Any CPU.Build.0 = Release|Any CPU
	EndGlobalSection
	GlobalSection(SolutionProperties) = preSolution
		HideSolutionNode = FALSE
	EndGlobalSection
	GlobalSection(ExtensibilityGlobals) = postSolution
		SolutionGuid = {B6BE59D9-411D-4580-8167-A7A1F2FCDE68}
	EndGlobalSection
EndGlobal
